
Microsoft Visual Studio Solution File, Format Version 12.00
# Visual Studio 15
VisualStudioVersion = 15.0.28307.1259
MinimumVisualStudioVersion = 10.0.40219.1
Project("{FAE04EC0-301F-11D3-BF4B-00C04F79EFBC}") = "HungarianAlgorithm", "ClassLibrary3\HungarianAlgorithm.csproj", "{0E1504AF-5F38-4034-B58D-9A1DDE9B623B}"
EndProject
Project("{FAE04EC0-301F-11D3-BF4B-00C04F79EFBC}") = "ConsoleApp", "ConsoleApp\ConsoleApp.csproj", "{6A0192EF-E5AB-49CC-A2F3-76DD7B480997}"
EndProject
Global
	GlobalSection(SolutionConfigurationPlatforms) = preSolution
		Debug|Any CPU = Debug|Any CPU
		Release|Any CPU = Release|Any CPU
	EndGlobalSection
	GlobalSection(ProjectConfigurationPlatforms) = postSolution
		{0E1504AF-5F38-4034-B58D-9A1DDE9B623B}.Debug|Any CPU.ActiveCfg = Debug|Any CPU
		{0E1504AF-5F38-4034-B58D-9A1DDE9B623B}.Debug|Any CPU.Build.0 = Debug|Any CPU
		{0E1504AF-5F38-4034-B58D-9A1DDE9B623B}.Release|Any CPU.ActiveCfg = Release|Any CPU
		{0E1504AF-5F38-4034-B58D-9A1DDE9B623B}.Release|Any CPU.Build.0 = Release|Any CPU
		{6A0192EF-E5AB-49CC-A2F3-76DD7B480997}.Debug|Any CPU.ActiveCfg = Debug|Any CPU
		{6A0192EF-E5AB-49CC-A2F3-76DD7B480997}.Debug|Any CPU.Build.0 = Debug|Any CPU
		{6A0192EF-E5AB-49CC-A2F3-76DD7B480997}.Release|Any CPU.ActiveCfg = Release|Any CPU
		{6A0192EF-E5AB-49CC-A2F3-76DD7B480997}.Release|Any CPU.Build.0 = Release|Any CPU
	EndGlobalSection
	GlobalSection(SolutionProperties) = preSolution
		HideSolutionNode = FALSE
	EndGlobalSection
	GlobalSection(ExtensibilityGlobals) = postSolution
		SolutionGuid = {5056BD5A-6687-4238-93C6-C97E05AB4A6C}
	EndGlobalSection
EndGlobal
